{
  "name": "svelte-helpers",
  "version": "0.2.2",
  "lockfileVersion": 2,
  "requires": true,
  "packages": {
    "": {
      "name": "svelte-helpers",
      "version": "0.2.2",
      "license": "ISC",
      "dependencies": {
        "@xstate/fsm": "^1.6.0",
        "escape-string-regexp": "^5.0.0"
      },
      "devDependencies": {
        "prettier-plugin-svelte": "^2.2.0"
      }
    },
    "node_modules/@xstate/fsm": {
      "version": "1.6.0",
      "resolved": "https://registry.npmjs.org/@xstate/fsm/-/fsm-1.6.0.tgz",
      "integrity": "sha512-YJpzKLPxMBUUQCTkjIbicsax6svTbPz5ykTkotIaa3kOoTnBJ4CWfC0cSQuMg7FAsfV2XWOuEsFq0dbmY7NtXg=="
    },
    "node_modules/escape-string-regexp": {
      "version": "5.0.0",
      "resolved": "https://registry.npmjs.org/escape-string-regexp/-/escape-string-regexp-5.0.0.tgz",
      "integrity": "sha512-/veY75JbMK4j1yjvuUxuVsiS/hr/4iHs9FTT6cgTexxdE0Ly/glccBAkloH/DofkjRbZU3bnoj38mOmhkZ0lHw==",
      "engines": {
        "node": ">=12"
      },
      "funding": {
        "url": "https://github.com/sponsors/sindresorhus"
      }
    },
    "node_modules/prettier-plugin-svelte": {
      "version": "2.2.0",
      "resolved": "https://registry.npmjs.org/prettier-plugin-svelte/-/prettier-plugin-svelte-2.2.0.tgz",
      "integrity": "sha512-Xdmqgr71tAuMqqzNCK52/v94g/Yv7V7lz+nmbO9NEA+9ol15VV3uUHOfydMNOo3SWvFaVlBcp947ebEaMWqVfQ==",
      "dev": true,
      "peerDependencies": {
        "prettier": "^1.16.4 || ^2.0.0",
        "svelte": "^3.2.0"
      }
    }
  },
  "dependencies": {
    "@xstate/fsm": {
      "version": "1.6.0",
      "resolved": "https://registry.npmjs.org/@xstate/fsm/-/fsm-1.6.0.tgz",
      "integrity": "sha512-YJpzKLPxMBUUQCTkjIbicsax6svTbPz5ykTkotIaa3kOoTnBJ4CWfC0cSQuMg7FAsfV2XWOuEsFq0dbmY7NtXg=="
    },
    "escape-string-regexp": {
      "version": "5.0.0",
      "resolved": "https://registry.npmjs.org/escape-string-regexp/-/escape-string-regexp-5.0.0.tgz",
      "integrity": "sha512-/veY75JbMK4j1yjvuUxuVsiS/hr/4iHs9FTT6cgTexxdE0Ly/glccBAkloH/DofkjRbZU3bnoj38mOmhkZ0lHw=="
    },
    "prettier-plugin-svelte": {
      "version": "2.2.0",
      "resolved": "https://registry.npmjs.org/prettier-plugin-svelte/-/prettier-plugin-svelte-2.2.0.tgz",
      "integrity": "sha512-Xdmqgr71tAuMqqzNCK52/v94g/Yv7V7lz+nmbO9NEA+9ol15VV3uUHOfydMNOo3SWvFaVlBcp947ebEaMWqVfQ==",
      "dev": true,
      "requires": {}
    }
  }
}
